
Microsoft Visual Studio Solution File, Format Version 12.00
# Visual Studio Version 17
VisualStudioVersion = 17.3.32929.385
MinimumVisualStudioVersion = 10.0.40219.1
Project("{FAE04EC0-301F-11D3-BF4B-00C04F79EFBC}") = "everilion-erp-web-tax-alert", "everilion-erp-web-tax-alert\everilion-erp-web-tax-alert.csproj", "{D383C43F-8C62-49FA-BBF6-B0AA713B39AB}"
EndProject
Global
	GlobalSection(SolutionConfigurationPlatforms) = preSolution
		Debug|Any CPU = Debug|Any CPU
		Release|Any CPU = Release|Any CPU
	EndGlobalSection
	GlobalSection(ProjectConfigurationPlatforms) = postSolution
		{D383C43F-8C62-49FA-BBF6-B0AA713B39AB}.Debug|Any CPU.ActiveCfg = Debug|Any CPU
		{D383C43F-8C62-49FA-BBF6-B0AA713B39AB}.Debug|Any CPU.Build.0 = Debug|Any CPU
		{D383C43F-8C62-49FA-BBF6-B0AA713B39AB}.Release|Any CPU.ActiveCfg = Release|Any CPU
		{D383C43F-8C62-49FA-BBF6-B0AA713B39AB}.Release|Any CPU.Build.0 = Release|Any CPU
	EndGlobalSection
	GlobalSection(SolutionProperties) = preSolution
		HideSolutionNode = FALSE
	EndGlobalSection
	GlobalSection(ExtensibilityGlobals) = postSolution
		SolutionGuid = {77A1019B-4B97-4205-A3E6-D6D66456BD9B}
	EndGlobalSection
EndGlobal
